// !$*UTF8*$!
{
	archiveVersion = 1;
	classes = {
	};
	objectVersion = 51;
	objects = {

/* Begin PBXBuildFile section */
		5C3CB74A1D6545B26E0CB481 /* Pods_ExperimentAppVer2UITests.framework in Frameworks */ = {isa = PBXBuildFile; fileRef = 0B60BB7565056232E3E25CCA /* Pods_ExperimentAppVer2UITests.framework */; };
		B1275296396ED4A284F2DA49 /* Pods_ExperimentAppVer2.framework in Frameworks */ = {isa = PBXBuildFile; fileRef = DADF3499C3CE04FE1CEC10A9 /* Pods_ExperimentAppVer2.framework */; };
		B753947A22DEEA4D0059A836 /* MessagerDetailCellTableViewCell.swift in Sources */ = {isa = PBXBuildFile; fileRef = B753947922DEEA4D0059A836 /* MessagerDetailCellTableViewCell.swift */; };
		B759679722DEF3A3005E940B /* PMessagerCollectionViewController.swift in Sources */ = {isa = PBXBuildFile; fileRef = B759679622DEF3A3005E940B /* PMessagerCollectionViewController.swift */; };
		B7A2DF9522DDD8B000D6AF5C /* AppDelegate.swift in Sources */ = {isa = PBXBuildFile; fileRef = B7A2DF9422DDD8B000D6AF5C /* AppDelegate.swift */; };
		B7A2DF9722DDD8B000D6AF5C /* ViewController.swift in Sources */ = {isa = PBXBuildFile; fileRef = B7A2DF9622DDD8B000D6AF5C /* ViewController.swift */; };
		B7A2DF9A22DDD8B000D6AF5C /* Main.storyboard in Resources */ = {isa = PBXBuildFile; fileRef = B7A2DF9822DDD8B000D6AF5C /* Main.storyboard */; };
		B7A2DF9C22DDD8B200D6AF5C /* Assets.xcassets in Resources */ = {isa = PBXBuildFile; fileRef = B7A2DF9B22DDD8B200D6AF5C /* Assets.xcassets */; };
		B7A2DF9F22DDD8B200D6AF5C /* LaunchScreen.storyboard in Resources */ = {isa = PBXBuildFile; fileRef = B7A2DF9D22DDD8B200D6AF5C /* LaunchScreen.storyboard */; };
		B7A2DFAA22DDD8B200D6AF5C /* ExperimentAppVer2Tests.swift in Sources */ = {isa = PBXBuildFile; fileRef = B7A2DFA922DDD8B200D6AF5C /* ExperimentAppVer2Tests.swift */; };
		B7A2DFB522DDD8B200D6AF5C /* ExperimentAppVer2UITests.swift in Sources */ = {isa = PBXBuildFile; fileRef = B7A2DFB422DDD8B200D6AF5C /* ExperimentAppVer2UITests.swift */; };
		B7A2DFC322DDDB3900D6AF5C /* GoogleService-Info.plist in Resources */ = {isa = PBXBuildFile; fileRef = B7A2DFC222DDDB3900D6AF5C /* GoogleService-Info.plist */; };
		B7AD2CF922DDF3F40009FE7A /* AlertController.swift in Sources */ = {isa = PBXBuildFile; fileRef = B7AD2CF822DDF3F40009FE7A /* AlertController.swift */; };
		B7AD2CFB22DDF3FF0009FE7A /* Cell.swift in Sources */ = {isa = PBXBuildFile; fileRef = B7AD2CFA22DDF3FF0009FE7A /* Cell.swift */; };
		B7AD2CFD22DDF4220009FE7A /* Information.swift in Sources */ = {isa = PBXBuildFile; fileRef = B7AD2CFC22DDF4220009FE7A /* Information.swift */; };
		B7AD2CFF22DDF43F0009FE7A /* ParticipantViewController.swift in Sources */ = {isa = PBXBuildFile; fileRef = B7AD2CFE22DDF43F0009FE7A /* ParticipantViewController.swift */; };
		B7AD2D0122DDF4500009FE7A /* ExperimentEditingController.swift in Sources */ = {isa = PBXBuildFile; fileRef = B7AD2D0022DDF4500009FE7A /* ExperimentEditingController.swift */; };
		B7AD2D0322DDF4700009FE7A /* ExperimenterLoginInViewController.swift in Sources */ = {isa = PBXBuildFile; fileRef = B7AD2D0222DDF4700009FE7A /* ExperimenterLoginInViewController.swift */; };
		B7AD2D0522DDF4840009FE7A /* ExperimenterNewLognViewController.swift in Sources */ = {isa = PBXBuildFile; fileRef = B7AD2D0422DDF4840009FE7A /* ExperimenterNewLognViewController.swift */; };
		B7AD2D0722DDF4950009FE7A /* ExperimentViewController.swift in Sources */ = {isa = PBXBuildFile; fileRef = B7AD2D0622DDF4950009FE7A /* ExperimentViewController.swift */; };
		B7AD2D0922DDF4A60009FE7A /* MainTabBarController.swift in Sources */ = {isa = PBXBuildFile; fileRef = B7AD2D0822DDF4A50009FE7A /* MainTabBarController.swift */; };
		B7AD2D0D22DDF4D60009FE7A /* SearchViewController.swift in Sources */ = {isa = PBXBuildFile; fileRef = B7AD2D0C22DDF4D60009FE7A /* SearchViewController.swift */; };
		B7AD2D1122DDF4E30009FE7A /* E.MessagerStoryboard.storyboard in Resources */ = {isa = PBXBuildFile; fileRef = B7AD2D0E22DDF4E20009FE7A /* E.MessagerStoryboard.storyboard */; };
		B7AD2D1222DDF4E30009FE7A /* E.ProfileStoryboard.storyboard in Resources */ = {isa = PBXBuildFile; fileRef = B7AD2D0F22DDF4E20009FE7A /* E.ProfileStoryboard.storyboard */; };
		B7AD2D1322DDF4E30009FE7A /* E.CalendarStoryboard.storyboard in Resources */ = {isa = PBXBuildFile; fileRef = B7AD2D1022DDF4E30009FE7A /* E.CalendarStoryboard.storyboard */; };
		B7AD2D1722DDF4F20009FE7A /* P.CalenderStoryboard.storyboard in Resources */ = {isa = PBXBuildFile; fileRef = B7AD2D1422DDF4F10009FE7A /* P.CalenderStoryboard.storyboard */; };
		B7AD2D1822DDF4F20009FE7A /* P.MessagerStoryboard.storyboard in Resources */ = {isa = PBXBuildFile; fileRef = B7AD2D1522DDF4F20009FE7A /* P.MessagerStoryboard.storyboard */; };
		B7AD2D1922DDF4F20009FE7A /* P.ProfileStoryboard.storyboard in Resources */ = {isa = PBXBuildFile; fileRef = B7AD2D1622DDF4F20009FE7A /* P.ProfileStoryboard.storyboard */; };
		D7EC82D0245358CDE15BDFE4 /* Pods_ExperimentAppVer2Tests.framework in Frameworks */ = {isa = PBXBuildFile; fileRef = 8BA69499DA79E2C03D514E79 /* Pods_ExperimentAppVer2Tests.framework */; };
/* End PBXBuildFile section */

/* Begin PBXContainerItemProxy section */
		B7A2DFA622DDD8B200D6AF5C /* PBXContainerItemProxy */ = {
			isa = PBXContainerItemProxy;
			containerPortal = B7A2DF8922DDD8B000D6AF5C /* Project object */;
			proxyType = 1;
			remoteGlobalIDString = B7A2DF9022DDD8B000D6AF5C;
			remoteInfo = ExperimentAppVer2;
		};
		B7A2DFB122DDD8B200D6AF5C /* PBXContainerItemProxy */ = {
			isa = PBXContainerItemProxy;
			containerPortal = B7A2DF8922DDD8B000D6AF5C /* Project object */;
			proxyType = 1;
			remoteGlobalIDString = B7A2DF9022DDD8B000D6AF5C;
			remoteInfo = ExperimentAppVer2;
		};
/* End PBXContainerItemProxy section */

/* Begin PBXFileReference section */
		0B60BB7565056232E3E25CCA /* Pods_ExperimentAppVer2UITests.framework */ = {isa = PBXFileReference; explicitFileType = wrapper.framework; includeInIndex = 0; path = Pods_ExperimentAppVer2UITests.framework; sourceTree = BUILT_PRODUCTS_DIR; };
		40F0AF862F23DCDA072ED95B /* Pods-ExperimentAppVer2.debug.xcconfig */ = {isa = PBXFileReference; includeInIndex = 1; lastKnownFileType = text.xcconfig; name = "Pods-ExperimentAppVer2.debug.xcconfig"; path = "Target Support Files/Pods-ExperimentAppVer2/Pods-ExperimentAppVer2.debug.xcconfig"; sourceTree = "<group>"; };
		5C351075D3DDC97F83451986 /* Pods-ExperimentAppVer2Tests.release.xcconfig */ = {isa = PBXFileReference; includeInIndex = 1; lastKnownFileType = text.xcconfig; name = "Pods-ExperimentAppVer2Tests.release.xcconfig"; path = "Target Support Files/Pods-ExperimentAppVer2Tests/Pods-ExperimentAppVer2Tests.release.xcconfig"; sourceTree = "<group>"; };
		77BF030059232FC4444BDC74 /* Pods-ExperimentAppVer2Tests.debug.xcconfig */ = {isa = PBXFileReference; includeInIndex = 1; lastKnownFileType = text.xcconfig; name = "Pods-ExperimentAppVer2Tests.debug.xcconfig"; path = "Target Support Files/Pods-ExperimentAppVer2Tests/Pods-ExperimentAppVer2Tests.debug.xcconfig"; sourceTree = "<group>"; };
		8BA69499DA79E2C03D514E79 /* Pods_ExperimentAppVer2Tests.framework */ = {isa = PBXFileReference; explicitFileType = wrapper.framework; includeInIndex = 0; path = Pods_ExperimentAppVer2Tests.framework; sourceTree = BUILT_PRODUCTS_DIR; };
		90BAE52D9CD8DD7BAF8ACE82 /* Pods-ExperimentAppVer2UITests.debug.xcconfig */ = {isa = PBXFileReference; includeInIndex = 1; lastKnownFileType = text.xcconfig; name = "Pods-ExperimentAppVer2UITests.debug.xcconfig"; path = "Target Support Files/Pods-ExperimentAppVer2UITests/Pods-ExperimentAppVer2UITests.debug.xcconfig"; sourceTree = "<group>"; };
		A8C6A61E49A96B39730018C9 /* Pods-ExperimentAppVer2UITests.release.xcconfig */ = {isa = PBXFileReference; includeInIndex = 1; lastKnownFileType = text.xcconfig; name = "Pods-ExperimentAppVer2UITests.release.xcconfig"; path = "Target Support Files/Pods-ExperimentAppVer2UITests/Pods-ExperimentAppVer2UITests.release.xcconfig"; sourceTree = "<group>"; };
		B753947922DEEA4D0059A836 /* MessagerDetailCellTableViewCell.swift */ = {isa = PBXFileReference; lastKnownFileType = sourcecode.swift; path = MessagerDetailCellTableViewCell.swift; sourceTree = "<group>"; };
		B759679622DEF3A3005E940B /* PMessagerCollectionViewController.swift */ = {isa = PBXFileReference; lastKnownFileType = sourcecode.swift; path = PMessagerCollectionViewController.swift; sourceTree = "<group>"; };
		B7A2DF9122DDD8B000D6AF5C /* ExperimentAppVer2.app */ = {isa = PBXFileReference; explicitFileType = wrapper.application; includeInIndex = 0; path = ExperimentAppVer2.app; sourceTree = BUILT_PRODUCTS_DIR; };
		B7A2DF9422DDD8B000D6AF5C /* AppDelegate.swift */ = {isa = PBXFileReference; lastKnownFileType = sourcecode.swift; path = AppDelegate.swift; sourceTree = "<group>"; };
		B7A2DF9622DDD8B000D6AF5C /* ViewController.swift */ = {isa = PBXFileReference; lastKnownFileType = sourcecode.swift; path = ViewController.swift; sourceTree = "<group>"; };
		B7A2DF9922DDD8B000D6AF5C /* Base */ = {isa = PBXFileReference; lastKnownFileType = file.storyboard; name = Base; path = Base.lproj/Main.storyboard; sourceTree = "<group>"; };
		B7A2DF9B22DDD8B200D6AF5C /* Assets.xcassets */ = {isa = PBXFileReference; lastKnownFileType = folder.assetcatalog; path = Assets.xcassets; sourceTree = "<group>"; };
		B7A2DF9E22DDD8B200D6AF5C /* Base */ = {isa = PBXFileReference; lastKnownFileType = file.storyboard; name = Base; path = Base.lproj/LaunchScreen.storyboard; sourceTree = "<group>"; };
		B7A2DFA022DDD8B200D6AF5C /* Info.plist */ = {isa = PBXFileReference; lastKnownFileType = text.plist.xml; path = Info.plist; sourceTree = "<group>"; };
		B7A2DFA522DDD8B200D6AF5C /* ExperimentAppVer2Tests.xctest */ = {isa = PBXFileReference; explicitFileType = wrapper.cfbundle; includeInIndex = 0; path = ExperimentAppVer2Tests.xctest; sourceTree = BUILT_PRODUCTS_DIR; };
		B7A2DFA922DDD8B200D6AF5C /* ExperimentAppVer2Tests.swift */ = {isa = PBXFileReference; lastKnownFileType = sourcecode.swift; path = ExperimentAppVer2Tests.swift; sourceTree = "<group>"; };
		B7A2DFAB22DDD8B200D6AF5C /* Info.plist */ = {isa = PBXFileReference; lastKnownFileType = text.plist.xml; path = Info.plist; sourceTree = "<group>"; };
		B7A2DFB022DDD8B200D6AF5C /* ExperimentAppVer2UITests.xctest */ = {isa = PBXFileReference; explicitFileType = wrapper.cfbundle; includeInIndex = 0; path = ExperimentAppVer2UITests.xctest; sourceTree = BUILT_PRODUCTS_DIR; };
		B7A2DFB422DDD8B200D6AF5C /* ExperimentAppVer2UITests.swift */ = {isa = PBXFileReference; lastKnownFileType = sourcecode.swift; path = ExperimentAppVer2UITests.swift; sourceTree = "<group>"; };
		B7A2DFB622DDD8B200D6AF5C /* Info.plist */ = {isa = PBXFileReference; lastKnownFileType = text.plist.xml; path = Info.plist; sourceTree = "<group>"; };
		B7A2DFC222DDDB3900D6AF5C /* GoogleService-Info.plist */ = {isa = PBXFileReference; fileEncoding = 4; lastKnownFileType = text.plist.xml; name = "GoogleService-Info.plist"; path = "../../../Downloads/GoogleService-Info.plist"; sourceTree = "<group>"; };
		B7AD2CF822DDF3F40009FE7A /* AlertController.swift */ = {isa = PBXFileReference; fileEncoding = 4; lastKnownFileType = sourcecode.swift; path = AlertController.swift; sourceTree = "<group>"; };
		B7AD2CFA22DDF3FF0009FE7A /* Cell.swift */ = {isa = PBXFileReference; fileEncoding = 4; lastKnownFileType = sourcecode.swift; path = Cell.swift; sourceTree = "<group>"; };
		B7AD2CFC22DDF4220009FE7A /* Information.swift */ = {isa = PBXFileReference; fileEncoding = 4; lastKnownFileType = sourcecode.swift; path = Information.swift; sourceTree = "<group>"; };
		B7AD2CFE22DDF43F0009FE7A /* ParticipantViewController.swift */ = {isa = PBXFileReference; fileEncoding = 4; lastKnownFileType = sourcecode.swift; path = ParticipantViewController.swift; sourceTree = "<group>"; };
		B7AD2D0022DDF4500009FE7A /* ExperimentEditingController.swift */ = {isa = PBXFileReference; fileEncoding = 4; lastKnownFileType = sourcecode.swift; path = ExperimentEditingController.swift; sourceTree = "<group>"; };
		B7AD2D0222DDF4700009FE7A /* ExperimenterLoginInViewController.swift */ = {isa = PBXFileReference; fileEncoding = 4; lastKnownFileType = sourcecode.swift; path = ExperimenterLoginInViewController.swift; sourceTree = "<group>"; };
		B7AD2D0422DDF4840009FE7A /* ExperimenterNewLognViewController.swift */ = {isa = PBXFileReference; fileEncoding = 4; lastKnownFileType = sourcecode.swift; path = ExperimenterNewLognViewController.swift; sourceTree = "<group>"; };
		B7AD2D0622DDF4950009FE7A /* ExperimentViewController.swift */ = {isa = PBXFileReference; fileEncoding = 4; lastKnownFileType = sourcecode.swift; path = ExperimentViewController.swift; sourceTree = "<group>"; };
		B7AD2D0822DDF4A50009FE7A /* MainTabBarController.swift */ = {isa = PBXFileReference; fileEncoding = 4; lastKnownFileType = sourcecode.swift; path = MainTabBarController.swift; sourceTree = "<group>"; };
		B7AD2D0C22DDF4D60009FE7A /* SearchViewController.swift */ = {isa = PBXFileReference; fileEncoding = 4; lastKnownFileType = sourcecode.swift; path = SearchViewController.swift; sourceTree = "<group>"; };
		B7AD2D0E22DDF4E20009FE7A /* E.MessagerStoryboard.storyboard */ = {isa = PBXFileReference; fileEncoding = 4; lastKnownFileType = file.storyboard; path = E.MessagerStoryboard.storyboard; sourceTree = "<group>"; };
		B7AD2D0F22DDF4E20009FE7A /* E.ProfileStoryboard.storyboard */ = {isa = PBXFileReference; fileEncoding = 4; lastKnownFileType = file.storyboard; path = E.ProfileStoryboard.storyboard; sourceTree = "<group>"; };
		B7AD2D1022DDF4E30009FE7A /* E.CalendarStoryboard.storyboard */ = {isa = PBXFileReference; fileEncoding = 4; lastKnownFileType = file.storyboard; path = E.CalendarStoryboard.storyboard; sourceTree = "<group>"; };
		B7AD2D1422DDF4F10009FE7A /* P.CalenderStoryboard.storyboard */ = {isa = PBXFileReference; fileEncoding = 4; lastKnownFileType = file.storyboard; path = P.CalenderStoryboard.storyboard; sourceTree = "<group>"; };
		B7AD2D1522DDF4F20009FE7A /* P.MessagerStoryboard.storyboard */ = {isa = PBXFileReference; fileEncoding = 4; lastKnownFileType = file.storyboard; path = P.MessagerStoryboard.storyboard; sourceTree = "<group>"; };
		B7AD2D1622DDF4F20009FE7A /* P.ProfileStoryboard.storyboard */ = {isa = PBXFileReference; fileEncoding = 4; lastKnownFileType = file.storyboard; path = P.ProfileStoryboard.storyboard; sourceTree = "<group>"; };
		DADF3499C3CE04FE1CEC10A9 /* Pods_ExperimentAppVer2.framework */ = {isa = PBXFileReference; explicitFileType = wrapper.framework; includeInIndex = 0; path = Pods_ExperimentAppVer2.framework; sourceTree = BUILT_PRODUCTS_DIR; };
		E745CD49242EA47B7DF985D5 /* Pods-ExperimentAppVer2.release.xcconfig */ = {isa = PBXFileReference; includeInIndex = 1; lastKnownFileType = text.xcconfig; name = "Pods-ExperimentAppVer2.release.xcconfig"; path = "Target Support Files/Pods-ExperimentAppVer2/Pods-ExperimentAppVer2.release.xcconfig"; sourceTree = "<group>"; };
/* End PBXFileReference section */

/* Begin PBXFrameworksBuildPhase section */
		B7A2DF8E22DDD8B000D6AF5C /* Frameworks */ = {
			isa = PBXFrameworksBuildPhase;
			buildActionMask = 2147483647;
			files = (
				B1275296396ED4A284F2DA49 /* Pods_ExperimentAppVer2.framework in Frameworks */,
			);
			runOnlyForDeploymentPostprocessing = 0;
		};
		B7A2DFA222DDD8B200D6AF5C /* Frameworks */ = {
			isa = PBXFrameworksBuildPhase;
			buildActionMask = 2147483647;
			files = (
				D7EC82D0245358CDE15BDFE4 /* Pods_ExperimentAppVer2Tests.framework in Frameworks */,
			);
			runOnlyForDeploymentPostprocessing = 0;
		};
		B7A2DFAD22DDD8B200D6AF5C /* Frameworks */ = {
			isa = PBXFrameworksBuildPhase;
			buildActionMask = 2147483647;
			files = (
				5C3CB74A1D6545B26E0CB481 /* Pods_ExperimentAppVer2UITests.framework in Frameworks */,
			);
			runOnlyForDeploymentPostprocessing = 0;
		};
/* End PBXFrameworksBuildPhase section */

/* Begin PBXGroup section */
		347E5B2193DFC11BC1C53144 /* Pods */ = {
			isa = PBXGroup;
			children = (
				40F0AF862F23DCDA072ED95B /* Pods-ExperimentAppVer2.debug.xcconfig */,
				E745CD49242EA47B7DF985D5 /* Pods-ExperimentAppVer2.release.xcconfig */,
				77BF030059232FC4444BDC74 /* Pods-ExperimentAppVer2Tests.debug.xcconfig */,
				5C351075D3DDC97F83451986 /* Pods-ExperimentAppVer2Tests.release.xcconfig */,
				90BAE52D9CD8DD7BAF8ACE82 /* Pods-ExperimentAppVer2UITests.debug.xcconfig */,
				A8C6A61E49A96B39730018C9 /* Pods-ExperimentAppVer2UITests.release.xcconfig */,
			);
			path = Pods;
			sourceTree = "<group>";
		};
		B7A2DF8822DDD8B000D6AF5C = {
			isa = PBXGroup;
			children = (
				B7A2DF9322DDD8B000D6AF5C /* ExperimentAppVer2 */,
				B7A2DFA822DDD8B200D6AF5C /* ExperimentAppVer2Tests */,
				B7A2DFB322DDD8B200D6AF5C /* ExperimentAppVer2UITests */,
				B7A2DF9222DDD8B000D6AF5C /* Products */,
				347E5B2193DFC11BC1C53144 /* Pods */,
				B9E0D761B2B8FC467469B844 /* Frameworks */,
			);
			sourceTree = "<group>";
		};
		B7A2DF9222DDD8B000D6AF5C /* Products */ = {
			isa = PBXGroup;
			children = (
				B7A2DF9122DDD8B000D6AF5C /* ExperimentAppVer2.app */,
				B7A2DFA522DDD8B200D6AF5C /* ExperimentAppVer2Tests.xctest */,
				B7A2DFB022DDD8B200D6AF5C /* ExperimentAppVer2UITests.xctest */,
			);
			name = Products;
			sourceTree = "<group>";
		};
		B7A2DF9322DDD8B000D6AF5C /* ExperimentAppVer2 */ = {
			isa = PBXGroup;
			children = (
				B7A2DF9422DDD8B000D6AF5C /* AppDelegate.swift */,
				B7A2DF9622DDD8B000D6AF5C /* ViewController.swift */,
				B7AD2CFE22DDF43F0009FE7A /* ParticipantViewController.swift */,
				B7AD2D0C22DDF4D60009FE7A /* SearchViewController.swift */,
				B7AD2D0822DDF4A50009FE7A /* MainTabBarController.swift */,
				B7AD2D0222DDF4700009FE7A /* ExperimenterLoginInViewController.swift */,
				B7AD2D0422DDF4840009FE7A /* ExperimenterNewLognViewController.swift */,
				B7AD2D0022DDF4500009FE7A /* ExperimentEditingController.swift */,
				B7AD2D0622DDF4950009FE7A /* ExperimentViewController.swift */,
				B7A2DF9822DDD8B000D6AF5C /* Main.storyboard */,
				B7AD2D1422DDF4F10009FE7A /* P.CalenderStoryboard.storyboard */,
				B7AD2D1522DDF4F20009FE7A /* P.MessagerStoryboard.storyboard */,
				B7AD2D1622DDF4F20009FE7A /* P.ProfileStoryboard.storyboard */,
				B7AD2D1022DDF4E30009FE7A /* E.CalendarStoryboard.storyboard */,
				B7AD2D0E22DDF4E20009FE7A /* E.MessagerStoryboard.storyboard */,
				B7AD2D0F22DDF4E20009FE7A /* E.ProfileStoryboard.storyboard */,
				B7A2DF9B22DDD8B200D6AF5C /* Assets.xcassets */,
				B7A2DF9D22DDD8B200D6AF5C /* LaunchScreen.storyboard */,
				B7AD2CF822DDF3F40009FE7A /* AlertController.swift */,
				B7AD2CFC22DDF4220009FE7A /* Information.swift */,
				B753947922DEEA4D0059A836 /* MessagerDetailCellTableViewCell.swift */,
				B7AD2CFA22DDF3FF0009FE7A /* Cell.swift */,
				B7A2DFC222DDDB3900D6AF5C /* GoogleService-Info.plist */,
				B7A2DFA022DDD8B200D6AF5C /* Info.plist */,
				B759679622DEF3A3005E940B /* PMessagerCollectionViewController.swift */,
			);
			path = ExperimentAppVer2;
			sourceTree = "<group>";
		};
		B7A2DFA822DDD8B200D6AF5C /* ExperimentAppVer2Tests */ = {
			isa = PBXGroup;
			children = (
				B7A2DFA922DDD8B200D6AF5C /* ExperimentAppVer2Tests.swift */,
				B7A2DFAB22DDD8B200D6AF5C /* Info.plist */,
			);
			path = ExperimentAppVer2Tests;
			sourceTree = "<group>";
		};
		B7A2DFB322DDD8B200D6AF5C /* ExperimentAppVer2UITests */ = {
			isa = PBXGroup;
			children = (
				B7A2DFB422DDD8B200D6AF5C /* ExperimentAppVer2UITests.swift */,
				B7A2DFB622DDD8B200D6AF5C /* Info.plist */,
			);
			path = ExperimentAppVer2UITests;
			sourceTree = "<group>";
		};
		B9E0D761B2B8FC467469B844 /* Frameworks */ = {
			isa = PBXGroup;
			children = (
				DADF3499C3CE04FE1CEC10A9 /* Pods_ExperimentAppVer2.framework */,
				8BA69499DA79E2C03D514E79 /* Pods_ExperimentAppVer2Tests.framework */,
				0B60BB7565056232E3E25CCA /* Pods_ExperimentAppVer2UITests.framework */,
			);
			name = Frameworks;
			sourceTree = "<group>";
		};
/* End PBXGroup section */

/* Begin PBXNativeTarget section */
		B7A2DF9022DDD8B000D6AF5C /* ExperimentAppVer2 */ = {
			isa = PBXNativeTarget;
			buildConfigurationList = B7A2DFB922DDD8B200D6AF5C /* Build configuration list for PBXNativeTarget "ExperimentAppVer2" */;
			buildPhases = (
				1AB886B9C8AE5B981C0BCF82 /* [CP] Check Pods Manifest.lock */,
				B7A2DF8D22DDD8B000D6AF5C /* Sources */,
				B7A2DF8E22DDD8B000D6AF5C /* Frameworks */,
				B7A2DF8F22DDD8B000D6AF5C /* Resources */,
				0FF8B27DE9390859CFA37DB7 /* [CP] Embed Pods Frameworks */,
				EDA69B66CCFE63B3F9F75337 /* [CP] Copy Pods Resources */,
			);
			buildRules = (
			);
			dependencies = (
			);
			name = ExperimentAppVer2;
			productName = ExperimentAppVer2;
			productReference = B7A2DF9122DDD8B000D6AF5C /* ExperimentAppVer2.app */;
			productType = "com.apple.product-type.application";
		};
		B7A2DFA422DDD8B200D6AF5C /* ExperimentAppVer2Tests */ = {
			isa = PBXNativeTarget;
			buildConfigurationList = B7A2DFBC22DDD8B200D6AF5C /* Build configuration list for PBXNativeTarget "ExperimentAppVer2Tests" */;
			buildPhases = (
				0F323841190291D36C2CC8F5 /* [CP] Check Pods Manifest.lock */,
				B7A2DFA122DDD8B200D6AF5C /* Sources */,
				B7A2DFA222DDD8B200D6AF5C /* Frameworks */,
				B7A2DFA322DDD8B200D6AF5C /* Resources */,
			);
			buildRules = (
			);
			dependencies = (
				B7A2DFA722DDD8B200D6AF5C /* PBXTargetDependency */,
			);
			name = ExperimentAppVer2Tests;
			productName = ExperimentAppVer2Tests;
			productReference = B7A2DFA522DDD8B200D6AF5C /* ExperimentAppVer2Tests.xctest */;
			productType = "com.apple.product-type.bundle.unit-test";
		};
		B7A2DFAF22DDD8B200D6AF5C /* ExperimentAppVer2UITests */ = {
			isa = PBXNativeTarget;
			buildConfigurationList = B7A2DFBF22DDD8B200D6AF5C /* Build configuration list for PBXNativeTarget "ExperimentAppVer2UITests" */;
			buildPhases = (
				1B1F3CE39AEFEA422A4C863D /* [CP] Check Pods Manifest.lock */,
				B7A2DFAC22DDD8B200D6AF5C /* Sources */,
				B7A2DFAD22DDD8B200D6AF5C /* Frameworks */,
				B7A2DFAE22DDD8B200D6AF5C /* Resources */,
			);
			buildRules = (
			);
			dependencies = (
				B7A2DFB222DDD8B200D6AF5C /* PBXTargetDependency */,
			);
			name = ExperimentAppVer2UITests;
			productName = ExperimentAppVer2UITests;
			productReference = B7A2DFB022DDD8B200D6AF5C /* ExperimentAppVer2UITests.xctest */;
			productType = "com.apple.product-type.bundle.ui-testing";
		};
/* End PBXNativeTarget section */

/* Begin PBXProject section */
		B7A2DF8922DDD8B000D6AF5C /* Project object */ = {
			isa = PBXProject;
			attributes = {
				LastSwiftUpdateCheck = 1020;
				LastUpgradeCheck = 1020;
				ORGANIZATIONNAME = XHQ;
				TargetAttributes = {
					B7A2DF9022DDD8B000D6AF5C = {
						CreatedOnToolsVersion = 10.2.1;
					};
					B7A2DFA422DDD8B200D6AF5C = {
						CreatedOnToolsVersion = 10.2.1;
						TestTargetID = B7A2DF9022DDD8B000D6AF5C;
					};
					B7A2DFAF22DDD8B200D6AF5C = {
						CreatedOnToolsVersion = 10.2.1;
						TestTargetID = B7A2DF9022DDD8B000D6AF5C;
					};
				};
			};
			buildConfigurationList = B7A2DF8C22DDD8B000D6AF5C /* Build configuration list for PBXProject "ExperimentAppVer2" */;
			compatibilityVersion = "Xcode 9.3";
			developmentRegion = en;
			hasScannedForEncodings = 0;
			knownRegions = (
				en,
				Base,
			);
			mainGroup = B7A2DF8822DDD8B000D6AF5C;
			productRefGroup = B7A2DF9222DDD8B000D6AF5C /* Products */;
			projectDirPath = "";
			projectRoot = "";
			targets = (
				B7A2DF9022DDD8B000D6AF5C /* ExperimentAppVer2 */,
				B7A2DFA422DDD8B200D6AF5C /* ExperimentAppVer2Tests */,
				B7A2DFAF22DDD8B200D6AF5C /* ExperimentAppVer2UITests */,
			);
		};
/* End PBXProject section */

/* Begin PBXResourcesBuildPhase section */
		B7A2DF8F22DDD8B000D6AF5C /* Resources */ = {
			isa = PBXResourcesBuildPhase;
			buildActionMask = 2147483647;
			files = (
				B7AD2D1222DDF4E30009FE7A /* E.ProfileStoryboard.storyboard in Resources */,
				B7A2DF9F22DDD8B200D6AF5C /* LaunchScreen.storyboard in Resources */,
				B7AD2D1122DDF4E30009FE7A /* E.MessagerStoryboard.storyboard in Resources */,
				B7AD2D1722DDF4F20009FE7A /* P.CalenderStoryboard.storyboard in Resources */,
				B7A2DFC322DDDB3900D6AF5C /* GoogleService-Info.plist in Resources */,
				B7AD2D1922DDF4F20009FE7A /* P.ProfileStoryboard.storyboard in Resources */,
				B7A2DF9C22DDD8B200D6AF5C /* Assets.xcassets in Resources */,
				B7A2DF9A22DDD8B000D6AF5C /* Main.storyboard in Resources */,
				B7AD2D1822DDF4F20009FE7A /* P.MessagerStoryboard.storyboard in Resources */,
				B7AD2D1322DDF4E30009FE7A /* E.CalendarStoryboard.storyboard in Resources */,
			);
			runOnlyForDeploymentPostprocessing = 0;
		};
		B7A2DFA322DDD8B200D6AF5C /* Resources */ = {
			isa = PBXResourcesBuildPhase;
			buildActionMask = 2147483647;
			files = (
			);
			runOnlyForDeploymentPostprocessing = 0;
		};
		B7A2DFAE22DDD8B200D6AF5C /* Resources */ = {
			isa = PBXResourcesBuildPhase;
			buildActionMask = 2147483647;
			files = (
			);
			runOnlyForDeploymentPostprocessing = 0;
		};
/* End PBXResourcesBuildPhase section */

/* Begin PBXShellScriptBuildPhase section */
		0F323841190291D36C2CC8F5 /* [CP] Check Pods Manifest.lock */ = {
			isa = PBXShellScriptBuildPhase;
			buildActionMask = 2147483647;
			files = (
			);
			inputFileListPaths = (
			);
			inputPaths = (
				"${PODS_PODFILE_DIR_PATH}/Podfile.lock",
				"${PODS_ROOT}/Manifest.lock",
			);
			name = "[CP] Check Pods Manifest.lock";
			outputFileListPaths = (
			);
			outputPaths = (
				"$(DERIVED_FILE_DIR)/Pods-ExperimentAppVer2Tests-checkManifestLockResult.txt",
			);
			runOnlyForDeploymentPostprocessing = 0;
			shellPath = /bin/sh;
			shellScript = "diff \"${PODS_PODFILE_DIR_PATH}/Podfile.lock\" \"${PODS_ROOT}/Manifest.lock\" > /dev/null\nif [ $? != 0 ] ; then\n    # print error to STDERR\n    echo \"error: The sandbox is not in sync with the Podfile.lock. Run 'pod install' or update your CocoaPods installation.\" >&2\n    exit 1\nfi\n# This output is used by Xcode 'outputs' to avoid re-running this script phase.\necho \"SUCCESS\" > \"${SCRIPT_OUTPUT_FILE_0}\"\n";
			showEnvVarsInLog = 0;
		};
		0FF8B27DE9390859CFA37DB7 /* [CP] Embed Pods Frameworks */ = {
			isa = PBXShellScriptBuildPhase;
			buildActionMask = 2147483647;
			files = (
			);
			inputFileListPaths = (
				"${PODS_ROOT}/Target Support Files/Pods-ExperimentAppVer2/Pods-ExperimentAppVer2-frameworks-${CONFIGURATION}-input-files.xcfilelist",
			);
			name = "[CP] Embed Pods Frameworks";
			outputFileListPaths = (
				"${PODS_ROOT}/Target Support Files/Pods-ExperimentAppVer2/Pods-ExperimentAppVer2-frameworks-${CONFIGURATION}-output-files.xcfilelist",
			);
			runOnlyForDeploymentPostprocessing = 0;
			shellPath = /bin/sh;
			shellScript = "\"${PODS_ROOT}/Target Support Files/Pods-ExperimentAppVer2/Pods-ExperimentAppVer2-frameworks.sh\"\n";
			showEnvVarsInLog = 0;
		};
		1AB886B9C8AE5B981C0BCF82 /* [CP] Check Pods Manifest.lock */ = {
			isa = PBXShellScriptBuildPhase;
			buildActionMask = 2147483647;
			files = (
			);
			inputFileListPaths = (
			);
			inputPaths = (
				"${PODS_PODFILE_DIR_PATH}/Podfile.lock",
				"${PODS_ROOT}/Manifest.lock",
			);
			name = "[CP] Check Pods Manifest.lock";
			outputFileListPaths = (
			);
			outputPaths = (
				"$(DERIVED_FILE_DIR)/Pods-ExperimentAppVer2-checkManifestLockResult.txt",
			);
			runOnlyForDeploymentPostprocessing = 0;
			shellPath = /bin/sh;
			shellScript = "diff \"${PODS_PODFILE_DIR_PATH}/Podfile.lock\" \"${PODS_ROOT}/Manifest.lock\" > /dev/null\nif [ $? != 0 ] ; then\n    # print error to STDERR\n    echo \"error: The sandbox is not in sync with the Podfile.lock. Run 'pod install' or update your CocoaPods installation.\" >&2\n    exit 1\nfi\n# This output is used by Xcode 'outputs' to avoid re-running this script phase.\necho \"SUCCESS\" > \"${SCRIPT_OUTPUT_FILE_0}\"\n";
			showEnvVarsInLog = 0;
		};
		1B1F3CE39AEFEA422A4C863D /* [CP] Check Pods Manifest.lock */ = {
			isa = PBXShellScriptBuildPhase;
			buildActionMask = 2147483647;
			files = (
			);
			inputFileListPaths = (
			);
			inputPaths = (
				"${PODS_PODFILE_DIR_PATH}/Podfile.lock",
				"${PODS_ROOT}/Manifest.lock",
			);
			name = "[CP] Check Pods Manifest.lock";
			outputFileListPaths = (
			);
			outputPaths = (
				"$(DERIVED_FILE_DIR)/Pods-ExperimentAppVer2UITests-checkManifestLockResult.txt",
			);
			runOnlyForDeploymentPostprocessing = 0;
			shellPath = /bin/sh;
			shellScript = "diff \"${PODS_PODFILE_DIR_PATH}/Podfile.lock\" \"${PODS_ROOT}/Manifest.lock\" > /dev/null\nif [ $? != 0 ] ; then\n    # print error to STDERR\n    echo \"error: The sandbox is not in sync with the Podfile.lock. Run 'pod install' or update your CocoaPods installation.\" >&2\n    exit 1\nfi\n# This output is used by Xcode 'outputs' to avoid re-running this script phase.\necho \"SUCCESS\" > \"${SCRIPT_OUTPUT_FILE_0}\"\n";
			showEnvVarsInLog = 0;
		};
		EDA69B66CCFE63B3F9F75337 /* [CP] Copy Pods Resources */ = {
			isa = PBXShellScriptBuildPhase;
			buildActionMask = 2147483647;
			files = (
			);
			inputFileListPaths = (
				"${PODS_ROOT}/Target Support Files/Pods-ExperimentAppVer2/Pods-ExperimentAppVer2-resources-${CONFIGURATION}-input-files.xcfilelist",
			);
			name = "[CP] Copy Pods Resources";
			outputFileListPaths = (
				"${PODS_ROOT}/Target Support Files/Pods-ExperimentAppVer2/Pods-ExperimentAppVer2-resources-${CONFIGURATION}-output-files.xcfilelist",
			);
			runOnlyForDeploymentPostprocessing = 0;
			shellPath = /bin/sh;
			shellScript = "\"${PODS_ROOT}/Target Support Files/Pods-ExperimentAppVer2/Pods-ExperimentAppVer2-resources.sh\"\n";
			showEnvVarsInLog = 0;
		};
/* End PBXShellScriptBuildPhase section */

/* Begin PBXSourcesBuildPhase section */
		B7A2DF8D22DDD8B000D6AF5C /* Sources */ = {
			isa = PBXSourcesBuildPhase;
			buildActionMask = 2147483647;
			files = (
				B759679722DEF3A3005E940B /* PMessagerCollectionViewController.swift in Sources */,
				B7AD2D0522DDF4840009FE7A /* ExperimenterNewLognViewController.swift in Sources */,
				B7A2DF9722DDD8B000D6AF5C /* ViewController.swift in Sources */,
				B7AD2D0922DDF4A60009FE7A /* MainTabBarController.swift in Sources */,
				B7AD2D0322DDF4700009FE7A /* ExperimenterLoginInViewController.swift in Sources */,
				B7AD2CFB22DDF3FF0009FE7A /* Cell.swift in Sources */,
				B7AD2D0122DDF4500009FE7A /* ExperimentEditingController.swift in Sources */,
				B7AD2D0722DDF4950009FE7A /* ExperimentViewController.swift in Sources */,
				B7AD2D0D22DDF4D60009FE7A /* SearchViewController.swift in Sources */,
				B7AD2CFF22DDF43F0009FE7A /* ParticipantViewController.swift in Sources */,
				B7AD2CF922DDF3F40009FE7A /* AlertController.swift in Sources */,
				B7AD2CFD22DDF4220009FE7A /* Information.swift in Sources */,
				B7A2DF9522DDD8B000D6AF5C /* AppDelegate.swift in Sources */,
				B753947A22DEEA4D0059A836 /* MessagerDetailCellTableViewCell.swift in Sources */,
			);
			runOnlyForDeploymentPostprocessing = 0;
		};
		B7A2DFA122DDD8B200D6AF5C /* Sources */ = {
			isa = PBXSourcesBuildPhase;
			buildActionMask = 2147483647;
			files = (
				B7A2DFAA22DDD8B200D6AF5C /* ExperimentAppVer2Tests.swift in Sources */,
			);
			runOnlyForDeploymentPostprocessing = 0;
		};
		B7A2DFAC22DDD8B200D6AF5C /* Sources */ = {
			isa = PBXSourcesBuildPhase;
			buildActionMask = 2147483647;
			files = (
				B7A2DFB522DDD8B200D6AF5C /* ExperimentAppVer2UITests.swift in Sources */,
			);
			runOnlyForDeploymentPostprocessing = 0;
		};
/* End PBXSourcesBuildPhase section */

/* Begin PBXTargetDependency section */
		B7A2DFA722DDD8B200D6AF5C /* PBXTargetDependency */ = {
			isa = PBXTargetDependency;
			target = B7A2DF9022DDD8B000D6AF5C /* ExperimentAppVer2 */;
			targetProxy = B7A2DFA622DDD8B200D6AF5C /* PBXContainerItemProxy */;
		};
		B7A2DFB222DDD8B200D6AF5C /* PBXTargetDependency */ = {
			isa = PBXTargetDependency;
			target = B7A2DF9022DDD8B000D6AF5C /* ExperimentAppVer2 */;
			targetProxy = B7A2DFB122DDD8B200D6AF5C /* PBXContainerItemProxy */;
		};
/* End PBXTargetDependency section */

/* Begin PBXVariantGroup section */
		B7A2DF9822DDD8B000D6AF5C /* Main.storyboard */ = {
			isa = PBXVariantGroup;
			children = (
				B7A2DF9922DDD8B000D6AF5C /* Base */,
			);
			name = Main.storyboard;
			sourceTree = "<group>";
		};
		B7A2DF9D22DDD8B200D6AF5C /* LaunchScreen.storyboard */ = {
			isa = PBXVariantGroup;
			children = (
				B7A2DF9E22DDD8B200D6AF5C /* Base */,
			);
			name = LaunchScreen.storyboard;
			sourceTree = "<group>";
		};
/* End PBXVariantGroup section */

/* Begin XCBuildConfiguration section */
		B7A2DFB722DDD8B200D6AF5C /* Debug */ = {
			isa = XCBuildConfiguration;
			buildSettings = {
				ALWAYS_SEARCH_USER_PATHS = NO;
				CLANG_ANALYZER_NONNULL = YES;
				CLANG_ANALYZER_NUMBER_OBJECT_CONVERSION = YES_AGGRESSIVE;
				CLANG_CXX_LANGUAGE_STANDARD = "gnu++14";
				CLANG_CXX_LIBRARY = "libc++";
				CLANG_ENABLE_MODULES = YES;
				CLANG_ENABLE_OBJC_ARC = YES;
				CLANG_ENABLE_OBJC_WEAK = YES;
				CLANG_WARN_BLOCK_CAPTURE_AUTORELEASING = YES;
				CLANG_WARN_BOOL_CONVERSION = YES;
				CLANG_WARN_COMMA = YES;
				CLANG_WARN_CONSTANT_CONVERSION = YES;
				CLANG_WARN_DEPRECATED_OBJC_IMPLEMENTATIONS = YES;
				CLANG_WARN_DIRECT_OBJC_ISA_USAGE = YES_ERROR;
				CLANG_WARN_DOCUMENTATION_COMMENTS = YES;
				CLANG_WARN_EMPTY_BODY = YES;
				CLANG_WARN_ENUM_CONVERSION = YES;
				CLANG_WARN_INFINITE_RECURSION = YES;
				CLANG_WARN_INT_CONVERSION = YES;
				CLANG_WARN_NON_LITERAL_NULL_CONVERSION = YES;
				CLANG_WARN_OBJC_IMPLICIT_RETAIN_SELF = YES;
				CLANG_WARN_OBJC_LITERAL_CONVERSION = YES;
				CLANG_WARN_OBJC_ROOT_CLASS = YES_ERROR;
				CLANG_WARN_RANGE_LOOP_ANALYSIS = YES;
				CLANG_WARN_STRICT_PROTOTYPES = YES;
				CLANG_WARN_SUSPICIOUS_MOVE = YES;
				CLANG_WARN_UNGUARDED_AVAILABILITY = YES_AGGRESSIVE;
				CLANG_WARN_UNREACHABLE_CODE = YES;
				CLANG_WARN__DUPLICATE_METHOD_MATCH = YES;
				CODE_SIGN_IDENTITY = "iPhone Developer";
				COPY_PHASE_STRIP = NO;
				DEBUG_INFORMATION_FORMAT = dwarf;
				ENABLE_STRICT_OBJC_MSGSEND = YES;
				ENABLE_TESTABILITY = YES;
				GCC_C_LANGUAGE_STANDARD = gnu11;
				GCC_DYNAMIC_NO_PIC = NO;
				GCC_NO_COMMON_BLOCKS = YES;
				GCC_OPTIMIZATION_LEVEL = 0;
				GCC_PREPROCESSOR_DEFINITIONS = (
					"DEBUG=1",
					"$(inherited)",
				);
				GCC_WARN_64_TO_32_BIT_CONVERSION = YES;
				GCC_WARN_ABOUT_RETURN_TYPE = YES_ERROR;
				GCC_WARN_UNDECLARED_SELECTOR = YES;
				GCC_WARN_UNINITIALIZED_AUTOS = YES_AGGRESSIVE;
				GCC_WARN_UNUSED_FUNCTION = YES;
				GCC_WARN_UNUSED_VARIABLE = YES;
				IPHONEOS_DEPLOYMENT_TARGET = 12.2;
				MTL_ENABLE_DEBUG_INFO = INCLUDE_SOURCE;
				MTL_FAST_MATH = YES;
				ONLY_ACTIVE_ARCH = YES;
				SDKROOT = iphoneos;
				SWIFT_ACTIVE_COMPILATION_CONDITIONS = DEBUG;
				SWIFT_OPTIMIZATION_LEVEL = "-Onone";
			};
			name = Debug;
		};
		B7A2DFB822DDD8B200D6AF5C /* Release */ = {
			isa = XCBuildConfiguration;
			buildSettings = {
				ALWAYS_SEARCH_USER_PATHS = NO;
				CLANG_ANALYZER_NONNULL = YES;
				CLANG_ANALYZER_NUMBER_OBJECT_CONVERSION = YES_AGGRESSIVE;
				CLANG_CXX_LANGUAGE_STANDARD = "gnu++14";
				CLANG_CXX_LIBRARY = "libc++";
				CLANG_ENABLE_MODULES = YES;
				CLANG_ENABLE_OBJC_ARC = YES;
				CLANG_ENABLE_OBJC_WEAK = YES;
				CLANG_WARN_BLOCK_CAPTURE_AUTORELEASING = YES;
				CLANG_WARN_BOOL_CONVERSION = YES;
				CLANG_WARN_COMMA = YES;
				CLANG_WARN_CONSTANT_CONVERSION = YES;
				CLANG_WARN_DEPRECATED_OBJC_IMPLEMENTATIONS = YES;
				CLANG_WARN_DIRECT_OBJC_ISA_USAGE = YES_ERROR;
				CLANG_WARN_DOCUMENTATION_COMMENTS = YES;
				CLANG_WARN_EMPTY_BODY = YES;
				CLANG_WARN_ENUM_CONVERSION = YES;
				CLANG_WARN_INFINITE_RECURSION = YES;
				CLANG_WARN_INT_CONVERSION = YES;
				CLANG_WARN_NON_LITERAL_NULL_CONVERSION = YES;
				CLANG_WARN_OBJC_IMPLICIT_RETAIN_SELF = YES;
				CLANG_WARN_OBJC_LITERAL_CONVERSION = YES;
				CLANG_WARN_OBJC_ROOT_CLASS = YES_ERROR;
				CLANG_WARN_RANGE_LOOP_ANALYSIS = YES;
				CLANG_WARN_STRICT_PROTOTYPES = YES;
				CLANG_WARN_SUSPICIOUS_MOVE = YES;
				CLANG_WARN_UNGUARDED_AVAILABILITY = YES_AGGRESSIVE;
				CLANG_WARN_UNREACHABLE_CODE = YES;
				CLANG_WARN__DUPLICATE_METHOD_MATCH = YES;
				CODE_SIGN_IDENTITY = "iPhone Developer";
				COPY_PHASE_STRIP = NO;
				DEBUG_INFORMATION_FORMAT = "dwarf-with-dsym";
				ENABLE_NS_ASSERTIONS = NO;
				ENABLE_STRICT_OBJC_MSGSEND = YES;
				GCC_C_LANGUAGE_STANDARD = gnu11;
				GCC_NO_COMMON_BLOCKS = YES;
				GCC_WARN_64_TO_32_BIT_CONVERSION = YES;
				GCC_WARN_ABOUT_RETURN_TYPE = YES_ERROR;
				GCC_WARN_UNDECLARED_SELECTOR = YES;
				GCC_WARN_UNINITIALIZED_AUTOS = YES_AGGRESSIVE;
				GCC_WARN_UNUSED_FUNCTION = YES;
				GCC_WARN_UNUSED_VARIABLE = YES;
				IPHONEOS_DEPLOYMENT_TARGET = 12.2;
				MTL_ENABLE_DEBUG_INFO = NO;
				MTL_FAST_MATH = YES;
				SDKROOT = iphoneos;
				SWIFT_COMPILATION_MODE = wholemodule;
				SWIFT_OPTIMIZATION_LEVEL = "-O";
				VALIDATE_PRODUCT = YES;
			};
			name = Release;
		};
		B7A2DFBA22DDD8B200D6AF5C /* Debug */ = {
			isa = XCBuildConfiguration;
			baseConfigurationReference = 40F0AF862F23DCDA072ED95B /* Pods-ExperimentAppVer2.debug.xcconfig */;
			buildSettings = {
				ASSETCATALOG_COMPILER_APPICON_NAME = AppIcon;
				CODE_SIGN_STYLE = Automatic;
				DEVELOPMENT_TEAM = KRUB75XL7J;
				INFOPLIST_FILE = ExperimentAppVer2/Info.plist;
				LD_RUNPATH_SEARCH_PATHS = (
					"$(inherited)",
					"@executable_path/Frameworks",
				);
				PRODUCT_BUNDLE_IDENTIFIER = com.XuHQ.ExperimentAppVer2;
				PRODUCT_NAME = "$(TARGET_NAME)";
				SWIFT_VERSION = 5.0;
				TARGETED_DEVICE_FAMILY = "1,2";
			};
			name = Debug;
		};
		B7A2DFBB22DDD8B200D6AF5C /* Release */ = {
			isa = XCBuildConfiguration;
			baseConfigurationReference = E745CD49242EA47B7DF985D5 /* Pods-ExperimentAppVer2.release.xcconfig */;
			buildSettings = {
				ASSETCATALOG_COMPILER_APPICON_NAME = AppIcon;
				CODE_SIGN_STYLE = Automatic;
				DEVELOPMENT_TEAM = KRUB75XL7J;
				INFOPLIST_FILE = ExperimentAppVer2/Info.plist;
				LD_RUNPATH_SEARCH_PATHS = (
					"$(inherited)",
					"@executable_path/Frameworks",
				);
				PRODUCT_BUNDLE_IDENTIFIER = com.XuHQ.ExperimentAppVer2;
				PRODUCT_NAME = "$(TARGET_NAME)";
				SWIFT_VERSION = 5.0;
				TARGETED_DEVICE_FAMILY = "1,2";
			};
			name = Release;
		};
		B7A2DFBD22DDD8B200D6AF5C /* Debug */ = {
			isa = XCBuildConfiguration;
			baseConfigurationReference = 77BF030059232FC4444BDC74 /* Pods-ExperimentAppVer2Tests.debug.xcconfig */;
			buildSettings = {
				ALWAYS_EMBED_SWIFT_STANDARD_LIBRARIES = YES;
				BUNDLE_LOADER = "$(TEST_HOST)";
				CODE_SIGN_STYLE = Automatic;
				DEVELOPMENT_TEAM = KRUB75XL7J;
				INFOPLIST_FILE = ExperimentAppVer2Tests/Info.plist;
				LD_RUNPATH_SEARCH_PATHS = (
					"$(inherited)",
					"@executable_path/Frameworks",
					"@loader_path/Frameworks",
				);
				PRODUCT_BUNDLE_IDENTIFIER = com.XuHQ.ExperimentAppVer2Tests;
				PRODUCT_NAME = "$(TARGET_NAME)";
				SWIFT_VERSION = 5.0;
				TARGETED_DEVICE_FAMILY = "1,2";
				TEST_HOST = "$(BUILT_PRODUCTS_DIR)/ExperimentAppVer2.app/ExperimentAppVer2";
			};
			name = Debug;
		};
		B7A2DFBE22DDD8B200D6AF5C /* Release */ = {
			isa = XCBuildConfiguration;
			baseConfigurationReference = 5C351075D3DDC97F83451986 /* Pods-ExperimentAppVer2Tests.release.xcconfig */;
			buildSettings = {
				ALWAYS_EMBED_SWIFT_STANDARD_LIBRARIES = YES;
				BUNDLE_LOADER = "$(TEST_HOST)";
				CODE_SIGN_STYLE = Automatic;
				DEVELOPMENT_TEAM = KRUB75XL7J;
				INFOPLIST_FILE = ExperimentAppVer2Tests/Info.plist;
				LD_RUNPATH_SEARCH_PATHS = (
					"$(inherited)",
					"@executable_path/Frameworks",
					"@loader_path/Frameworks",
				);
				PRODUCT_BUNDLE_IDENTIFIER = com.XuHQ.ExperimentAppVer2Tests;
				PRODUCT_NAME = "$(TARGET_NAME)";
				SWIFT_VERSION = 5.0;
				TARGETED_DEVICE_FAMILY = "1,2";
				TEST_HOST = "$(BUILT_PRODUCTS_DIR)/ExperimentAppVer2.app/ExperimentAppVer2";
			};
			name = Release;
		};
		B7A2DFC022DDD8B200D6AF5C /* Debug */ = {
			isa = XCBuildConfiguration;
			baseConfigurationReference = 90BAE52D9CD8DD7BAF8ACE82 /* Pods-ExperimentAppVer2UITests.debug.xcconfig */;
			buildSettings = {
				ALWAYS_EMBED_SWIFT_STANDARD_LIBRARIES = YES;
				CODE_SIGN_STYLE = Automatic;
				DEVELOPMENT_TEAM = KRUB75XL7J;
				INFOPLIST_FILE = ExperimentAppVer2UITests/Info.plist;
				LD_RUNPATH_SEARCH_PATHS = (
					"$(inherited)",
					"@executable_path/Frameworks",
					"@loader_path/Frameworks",
				);
				PRODUCT_BUNDLE_IDENTIFIER = com.XuHQ.ExperimentAppVer2UITests;
				PRODUCT_NAME = "$(TARGET_NAME)";
				SWIFT_VERSION = 5.0;
				TARGETED_DEVICE_FAMILY = "1,2";
				TEST_TARGET_NAME = ExperimentAppVer2;
			};
			name = Debug;
		};
		B7A2DFC122DDD8B200D6AF5C /* Release */ = {
			isa = XCBuildConfiguration;
			baseConfigurationReference = A8C6A61E49A96B39730018C9 /* Pods-ExperimentAppVer2UITests.release.xcconfig */;
			buildSettings = {
				ALWAYS_EMBED_SWIFT_STANDARD_LIBRARIES = YES;
				CODE_SIGN_STYLE = Automatic;
				DEVELOPMENT_TEAM = KRUB75XL7J;
				INFOPLIST_FILE = ExperimentAppVer2UITests/Info.plist;
				LD_RUNPATH_SEARCH_PATHS = (
					"$(inherited)",
					"@executable_path/Frameworks",
					"@loader_path/Frameworks",
				);
				PRODUCT_BUNDLE_IDENTIFIER = com.XuHQ.ExperimentAppVer2UITests;
				PRODUCT_NAME = "$(TARGET_NAME)";
				SWIFT_VERSION = 5.0;
				TARGETED_DEVICE_FAMILY = "1,2";
				TEST_TARGET_NAME = ExperimentAppVer2;
			};
			name = Release;
		};
/* End XCBuildConfiguration section */

/* Begin XCConfigurationList section */
		B7A2DF8C22DDD8B000D6AF5C /* Build configuration list for PBXProject "ExperimentAppVer2" */ = {
			isa = XCConfigurationList;
			buildConfigurations = (
				B7A2DFB722DDD8B200D6AF5C /* Debug */,
				B7A2DFB822DDD8B200D6AF5C /* Release */,
			);
			defaultConfigurationIsVisible = 0;
			defaultConfigurationName = Release;
		};
		B7A2DFB922DDD8B200D6AF5C /* Build configuration list for PBXNativeTarget "ExperimentAppVer2" */ = {
			isa = XCConfigurationList;
			buildConfigurations = (
				B7A2DFBA22DDD8B200D6AF5C /* Debug */,
				B7A2DFBB22DDD8B200D6AF5C /* Release */,
			);
			defaultConfigurationIsVisible = 0;
			defaultConfigurationName = Release;
		};
		B7A2DFBC22DDD8B200D6AF5C /* Build configuration list for PBXNativeTarget "ExperimentAppVer2Tests" */ = {
			isa = XCConfigurationList;
			buildConfigurations = (
				B7A2DFBD22DDD8B200D6AF5C /* Debug */,
				B7A2DFBE22DDD8B200D6AF5C /* Release */,
			);
			defaultConfigurationIsVisible = 0;
			defaultConfigurationName = Release;
		};
		B7A2DFBF22DDD8B200D6AF5C /* Build configuration list for PBXNativeTarget "ExperimentAppVer2UITests" */ = {
			isa = XCConfigurationList;
			buildConfigurations = (
				B7A2DFC022DDD8B200D6AF5C /* Debug */,
				B7A2DFC122DDD8B200D6AF5C /* Release */,
			);
			defaultConfigurationIsVisible = 0;
			defaultConfigurationName = Release;
		};
/* End XCConfigurationList section */
	};
	rootObject = B7A2DF8922DDD8B000D6AF5C /* Project object */;
}
